// !$*UTF8*$!
{
	archiveVersion = 1;
	classes = {
	};
	objectVersion = 50;
	objects = {

/* Begin PBXBuildFile section */
		7328C536EF6DBE915B33A324 /* Pods_EasyChecklist.framework in Frameworks */ = {isa = PBXBuildFile; fileRef = 6011C4453298910D60F31399 /* Pods_EasyChecklist.framework */; };
		8B2D2E2F2246546400131545 /* AppDelegate.swift in Sources */ = {isa = PBXBuildFile; fileRef = 8B2D2E2E2246546400131545 /* AppDelegate.swift */; };
		8B2D2E312246546500131545 /* ViewController.swift in Sources */ = {isa = PBXBuildFile; fileRef = 8B2D2E302246546500131545 /* ViewController.swift */; };
		8B2D2E342246546500131545 /* Main.storyboard in Resources */ = {isa = PBXBuildFile; fileRef = 8B2D2E322246546500131545 /* Main.storyboard */; };
		8B2D2E362246546600131545 /* Assets.xcassets in Resources */ = {isa = PBXBuildFile; fileRef = 8B2D2E352246546600131545 /* Assets.xcassets */; };
		8B2D2E392246546600131545 /* LaunchScreen.storyboard in Resources */ = {isa = PBXBuildFile; fileRef = 8B2D2E372246546600131545 /* LaunchScreen.storyboard */; };
		8B2D2E462246556F00131545 /* FMDBModel.swift in Sources */ = {isa = PBXBuildFile; fileRef = 8B2D2E422246556F00131545 /* FMDBModel.swift */; };
		8B2D2E472246556F00131545 /* FMDBManager.swift in Sources */ = {isa = PBXBuildFile; fileRef = 8B2D2E432246556F00131545 /* FMDBManager.swift */; };
		8B2D2E482246556F00131545 /* FMDBQueueManager.swift in Sources */ = {isa = PBXBuildFile; fileRef = 8B2D2E442246556F00131545 /* FMDBQueueManager.swift */; };
		8B2D2E4E22465BC500131545 /* wooden.jpeg in Resources */ = {isa = PBXBuildFile; fileRef = 8B2D2E4D22465BC500131545 /* wooden.jpeg */; };
		8B2D2E5122465C0B00131545 /* CategoryCell.swift in Sources */ = {isa = PBXBuildFile; fileRef = 8B2D2E5022465C0B00131545 /* CategoryCell.swift */; };
		8B2D2E53224669BE00131545 /* ADDCategoryVC.swift in Sources */ = {isa = PBXBuildFile; fileRef = 8B2D2E52224669BE00131545 /* ADDCategoryVC.swift */; };
		8B2D2E5522466E0800131545 /* AddNotesVC.swift in Sources */ = {isa = PBXBuildFile; fileRef = 8B2D2E5422466E0800131545 /* AddNotesVC.swift */; };
		8B2D2E572246709300131545 /* NotesTableViewCell.swift in Sources */ = {isa = PBXBuildFile; fileRef = 8B2D2E562246709300131545 /* NotesTableViewCell.swift */; };
/* End PBXBuildFile section */

/* Begin PBXFileReference section */
		6011C4453298910D60F31399 /* Pods_EasyChecklist.framework */ = {isa = PBXFileReference; explicitFileType = wrapper.framework; includeInIndex = 0; path = Pods_EasyChecklist.framework; sourceTree = BUILT_PRODUCTS_DIR; };
		8B2D2E2B2246546400131545 /* EasyChecklist.app */ = {isa = PBXFileReference; explicitFileType = wrapper.application; includeInIndex = 0; path = EasyChecklist.app; sourceTree = BUILT_PRODUCTS_DIR; };
		8B2D2E2E2246546400131545 /* AppDelegate.swift */ = {isa = PBXFileReference; lastKnownFileType = sourcecode.swift; path = AppDelegate.swift; sourceTree = "<group>"; };
		8B2D2E302246546500131545 /* ViewController.swift */ = {isa = PBXFileReference; lastKnownFileType = sourcecode.swift; path = ViewController.swift; sourceTree = "<group>"; };
		8B2D2E332246546500131545 /* Base */ = {isa = PBXFileReference; lastKnownFileType = file.storyboard; name = Base; path = Base.lproj/Main.storyboard; sourceTree = "<group>"; };
		8B2D2E352246546600131545 /* Assets.xcassets */ = {isa = PBXFileReference; lastKnownFileType = folder.assetcatalog; path = Assets.xcassets; sourceTree = "<group>"; };
		8B2D2E382246546600131545 /* Base */ = {isa = PBXFileReference; lastKnownFileType = file.storyboard; name = Base; path = Base.lproj/LaunchScreen.storyboard; sourceTree = "<group>"; };
		8B2D2E3A2246546600131545 /* Info.plist */ = {isa = PBXFileReference; lastKnownFileType = text.plist.xml; path = Info.plist; sourceTree = "<group>"; };
		8B2D2E422246556F00131545 /* FMDBModel.swift */ = {isa = PBXFileReference; fileEncoding = 4; lastKnownFileType = sourcecode.swift; path = FMDBModel.swift; sourceTree = "<group>"; };
		8B2D2E432246556F00131545 /* FMDBManager.swift */ = {isa = PBXFileReference; fileEncoding = 4; lastKnownFileType = sourcecode.swift; path = FMDBManager.swift; sourceTree = "<group>"; };
		8B2D2E442246556F00131545 /* FMDBQueueManager.swift */ = {isa = PBXFileReference; fileEncoding = 4; lastKnownFileType = sourcecode.swift; path = FMDBQueueManager.swift; sourceTree = "<group>"; };
		8B2D2E4D22465BC500131545 /* wooden.jpeg */ = {isa = PBXFileReference; lastKnownFileType = image.jpeg; path = wooden.jpeg; sourceTree = "<group>"; };
		8B2D2E5022465C0B00131545 /* CategoryCell.swift */ = {isa = PBXFileReference; lastKnownFileType = sourcecode.swift; path = CategoryCell.swift; sourceTree = "<group>"; };
		8B2D2E52224669BE00131545 /* ADDCategoryVC.swift */ = {isa = PBXFileReference; lastKnownFileType = sourcecode.swift; path = ADDCategoryVC.swift; sourceTree = "<group>"; };
		8B2D2E5422466E0800131545 /* AddNotesVC.swift */ = {isa = PBXFileReference; lastKnownFileType = sourcecode.swift; path = AddNotesVC.swift; sourceTree = "<group>"; };
		8B2D2E562246709300131545 /* NotesTableViewCell.swift */ = {isa = PBXFileReference; lastKnownFileType = sourcecode.swift; path = NotesTableViewCell.swift; sourceTree = "<group>"; };
		D0910E8C1118B5F60509D150 /* Pods-EasyChecklist.release.xcconfig */ = {isa = PBXFileReference; includeInIndex = 1; lastKnownFileType = text.xcconfig; name = "Pods-EasyChecklist.release.xcconfig"; path = "Pods/Target Support Files/Pods-EasyChecklist/Pods-EasyChecklist.release.xcconfig"; sourceTree = "<group>"; };
		EE4A6E49BF154535F923C971 /* Pods-EasyChecklist.debug.xcconfig */ = {isa = PBXFileReference; includeInIndex = 1; lastKnownFileType = text.xcconfig; name = "Pods-EasyChecklist.debug.xcconfig"; path = "Pods/Target Support Files/Pods-EasyChecklist/Pods-EasyChecklist.debug.xcconfig"; sourceTree = "<group>"; };
/* End PBXFileReference section */

/* Begin PBXFrameworksBuildPhase section */
		8B2D2E282246546400131545 /* Frameworks */ = {
			isa = PBXFrameworksBuildPhase;
			buildActionMask = 2147483647;
			files = (
				7328C536EF6DBE915B33A324 /* Pods_EasyChecklist.framework in Frameworks */,
			);
			runOnlyForDeploymentPostprocessing = 0;
		};
/* End PBXFrameworksBuildPhase section */

/* Begin PBXGroup section */
		15150E3424702A4A16308B0E /* Frameworks */ = {
			isa = PBXGroup;
			children = (
				6011C4453298910D60F31399 /* Pods_EasyChecklist.framework */,
			);
			name = Frameworks;
			sourceTree = "<group>";
		};
		5C6E358A681BEE4B617F9654 /* Pods */ = {
			isa = PBXGroup;
			children = (
				EE4A6E49BF154535F923C971 /* Pods-EasyChecklist.debug.xcconfig */,
				D0910E8C1118B5F60509D150 /* Pods-EasyChecklist.release.xcconfig */,
			);
			name = Pods;
			sourceTree = "<group>";
		};
		8B2D2E222246546400131545 = {
			isa = PBXGroup;
			children = (
				8B2D2E2D2246546400131545 /* EasyChecklist */,
				8B2D2E2C2246546400131545 /* Products */,
				5C6E358A681BEE4B617F9654 /* Pods */,
				15150E3424702A4A16308B0E /* Frameworks */,
			);
			sourceTree = "<group>";
		};
		8B2D2E2C2246546400131545 /* Products */ = {
			isa = PBXGroup;
			children = (
				8B2D2E2B2246546400131545 /* EasyChecklist.app */,
			);
			name = Products;
			sourceTree = "<group>";
		};
		8B2D2E2D2246546400131545 /* EasyChecklist */ = {
			isa = PBXGroup;
			children = (
				8B2D2E402246556F00131545 /* AllData */,
				8B2D2E2E2246546400131545 /* AppDelegate.swift */,
				8B2D2E302246546500131545 /* ViewController.swift */,
				8B2D2E322246546500131545 /* Main.storyboard */,
				8B2D2E352246546600131545 /* Assets.xcassets */,
				8B2D2E372246546600131545 /* LaunchScreen.storyboard */,
				8B2D2E3A2246546600131545 /* Info.plist */,
			);
			path = EasyChecklist;
			sourceTree = "<group>";
		};
		8B2D2E402246556F00131545 /* AllData */ = {
			isa = PBXGroup;
			children = (
				8B2D2E4F22465BF400131545 /* Cell */,
				8B2D2E4D22465BC500131545 /* wooden.jpeg */,
				8B2D2E412246556F00131545 /* FMDBTool */,
				8B2D2E452246556F00131545 /* AllViewController */,
			);
			path = AllData;
			sourceTree = "<group>";
		};
		8B2D2E412246556F00131545 /* FMDBTool */ = {
			isa = PBXGroup;
			children = (
				8B2D2E422246556F00131545 /* FMDBModel.swift */,
				8B2D2E432246556F00131545 /* FMDBManager.swift */,
				8B2D2E442246556F00131545 /* FMDBQueueManager.swift */,
			);
			path = FMDBTool;
			sourceTree = "<group>";
		};
		8B2D2E452246556F00131545 /* AllViewController */ = {
			isa = PBXGroup;
			children = (
				8B2D2E52224669BE00131545 /* ADDCategoryVC.swift */,
				8B2D2E5422466E0800131545 /* AddNotesVC.swift */,
			);
			path = AllViewController;
			sourceTree = "<group>";
		};
		8B2D2E4F22465BF400131545 /* Cell */ = {
			isa = PBXGroup;
			children = (
				8B2D2E5022465C0B00131545 /* CategoryCell.swift */,
				8B2D2E562246709300131545 /* NotesTableViewCell.swift */,
			);
			path = Cell;
			sourceTree = "<group>";
		};
/* End PBXGroup section */

/* Begin PBXNativeTarget section */
		8B2D2E2A2246546400131545 /* EasyChecklist */ = {
			isa = PBXNativeTarget;
			buildConfigurationList = 8B2D2E3D2246546600131545 /* Build configuration list for PBXNativeTarget "EasyChecklist" */;
			buildPhases = (
				57FDE26414330B5DEC5B7DDC /* [CP] Check Pods Manifest.lock */,
				8B2D2E272246546400131545 /* Sources */,
				8B2D2E282246546400131545 /* Frameworks */,
				8B2D2E292246546400131545 /* Resources */,
				04DFA4A26FECC91BF7429F7A /* [CP] Embed Pods Frameworks */,
			);
			buildRules = (
			);
			dependencies = (
			);
			name = EasyChecklist;
			productName = EasyChecklist;
			productReference = 8B2D2E2B2246546400131545 /* EasyChecklist.app */;
			productType = "com.apple.product-type.application";
		};
/* End PBXNativeTarget section */

/* Begin PBXProject section */
		8B2D2E232246546400131545 /* Project object */ = {
			isa = PBXProject;
			attributes = {
				LastSwiftUpdateCheck = 1010;
				LastUpgradeCheck = 1010;
				ORGANIZATIONNAME = EasyChecklist;
				TargetAttributes = {
					8B2D2E2A2246546400131545 = {
						CreatedOnToolsVersion = 10.1;
					};
				};
			};
			buildConfigurationList = 8B2D2E262246546400131545 /* Build configuration list for PBXProject "EasyChecklist" */;
			compatibilityVersion = "Xcode 9.3";
			developmentRegion = en;
			hasScannedForEncodings = 0;
			knownRegions = (
				en,
				Base,
			);
			mainGroup = 8B2D2E222246546400131545;
			productRefGroup = 8B2D2E2C2246546400131545 /* Products */;
			projectDirPath = "";
			projectRoot = "";
			targets = (
				8B2D2E2A2246546400131545 /* EasyChecklist */,
			);
		};
/* End PBXProject section */

/* Begin PBXResourcesBuildPhase section */
		8B2D2E292246546400131545 /* Resources */ = {
			isa = PBXResourcesBuildPhase;
			buildActionMask = 2147483647;
			files = (
				8B2D2E392246546600131545 /* LaunchScreen.storyboard in Resources */,
				8B2D2E362246546600131545 /* Assets.xcassets in Resources */,
				8B2D2E342246546500131545 /* Main.storyboard in Resources */,
				8B2D2E4E22465BC500131545 /* wooden.jpeg in Resources */,
			);
			runOnlyForDeploymentPostprocessing = 0;
		};
/* End PBXResourcesBuildPhase section */

/* Begin PBXShellScriptBuildPhase section */
		04DFA4A26FECC91BF7429F7A /* [CP] Embed Pods Frameworks */ = {
			isa = PBXShellScriptBuildPhase;
			buildActionMask = 2147483647;
			files = (
			);
			inputPaths = (
				"${SRCROOT}/Pods/Target Support Files/Pods-EasyChecklist/Pods-EasyChecklist-frameworks.sh",
				"${BUILT_PRODUCTS_DIR}/FMDB/FMDB.framework",
				"${BUILT_PRODUCTS_DIR}/IQKeyboardManagerSwift/IQKeyboardManagerSwift.framework",
			);
			name = "[CP] Embed Pods Frameworks";
			outputPaths = (
				"${TARGET_BUILD_DIR}/${FRAMEWORKS_FOLDER_PATH}/FMDB.framework",
				"${TARGET_BUILD_DIR}/${FRAMEWORKS_FOLDER_PATH}/IQKeyboardManagerSwift.framework",
			);
			runOnlyForDeploymentPostprocessing = 0;
			shellPath = /bin/sh;
			shellScript = "\"${SRCROOT}/Pods/Target Support Files/Pods-EasyChecklist/Pods-EasyChecklist-frameworks.sh\"\n";
			showEnvVarsInLog = 0;
		};
		57FDE26414330B5DEC5B7DDC /* [CP] Check Pods Manifest.lock */ = {
			isa = PBXShellScriptBuildPhase;
			buildActionMask = 2147483647;
			files = (
			);
			inputPaths = (
				"${PODS_PODFILE_DIR_PATH}/Podfile.lock",
				"${PODS_ROOT}/Manifest.lock",
			);
			name = "[CP] Check Pods Manifest.lock";
			outputPaths = (
				"$(DERIVED_FILE_DIR)/Pods-EasyChecklist-checkManifestLockResult.txt",
			);
			runOnlyForDeploymentPostprocessing = 0;
			shellPath = /bin/sh;
			shellScript = "diff \"${PODS_PODFILE_DIR_PATH}/Podfile.lock\" \"${PODS_ROOT}/Manifest.lock\" > /dev/null\nif [ $? != 0 ] ; then\n    # print error to STDERR\n    echo \"error: The sandbox is not in sync with the Podfile.lock. Run 'pod install' or update your CocoaPods installation.\" >&2\n    exit 1\nfi\n# This output is used by Xcode 'outputs' to avoid re-running this script phase.\necho \"SUCCESS\" > \"${SCRIPT_OUTPUT_FILE_0}\"\n";
			showEnvVarsInLog = 0;
		};
/* End PBXShellScriptBuildPhase section */

/* Begin PBXSourcesBuildPhase section */
		8B2D2E272246546400131545 /* Sources */ = {
			isa = PBXSourcesBuildPhase;
			buildActionMask = 2147483647;
			files = (
				8B2D2E472246556F00131545 /* FMDBManager.swift in Sources */,
				8B2D2E482246556F00131545 /* FMDBQueueManager.swift in Sources */,
				8B2D2E312246546500131545 /* ViewController.swift in Sources */,
				8B2D2E2F2246546400131545 /* AppDelegate.swift in Sources */,
				8B2D2E462246556F00131545 /* FMDBModel.swift in Sources */,
				8B2D2E53224669BE00131545 /* ADDCategoryVC.swift in Sources */,
				8B2D2E5522466E0800131545 /* AddNotesVC.swift in Sources */,
				8B2D2E5122465C0B00131545 /* CategoryCell.swift in Sources */,
				8B2D2E572246709300131545 /* NotesTableViewCell.swift in Sources */,
			);
			runOnlyForDeploymentPostprocessing = 0;
		};
/* End PBXSourcesBuildPhase section */

/* Begin PBXVariantGroup section */
		8B2D2E322246546500131545 /* Main.storyboard */ = {
			isa = PBXVariantGroup;
			children = (
				8B2D2E332246546500131545 /* Base */,
			);
			name = Main.storyboard;
			sourceTree = "<group>";
		};
		8B2D2E372246546600131545 /* LaunchScreen.storyboard */ = {
			isa = PBXVariantGroup;
			children = (
				8B2D2E382246546600131545 /* Base */,
			);
			name = LaunchScreen.storyboard;
			sourceTree = "<group>";
		};
/* End PBXVariantGroup section */

/* Begin XCBuildConfiguration section */
		8B2D2E3B2246546600131545 /* Debug */ = {
			isa = XCBuildConfiguration;
			buildSettings = {
				ALWAYS_SEARCH_USER_PATHS = NO;
				CLANG_ANALYZER_NONNULL = YES;
				CLANG_ANALYZER_NUMBER_OBJECT_CONVERSION = YES_AGGRESSIVE;
				CLANG_CXX_LANGUAGE_STANDARD = "gnu++14";
				CLANG_CXX_LIBRARY = "libc++";
				CLANG_ENABLE_MODULES = YES;
				CLANG_ENABLE_OBJC_ARC = YES;
				CLANG_ENABLE_OBJC_WEAK = YES;
				CLANG_WARN_BLOCK_CAPTURE_AUTORELEASING = YES;
				CLANG_WARN_BOOL_CONVERSION = YES;
				CLANG_WARN_COMMA = YES;
				CLANG_WARN_CONSTANT_CONVERSION = YES;
				CLANG_WARN_DEPRECATED_OBJC_IMPLEMENTATIONS = YES;
				CLANG_WARN_DIRECT_OBJC_ISA_USAGE = YES_ERROR;
				CLANG_WARN_DOCUMENTATION_COMMENTS = YES;
				CLANG_WARN_EMPTY_BODY = YES;
				CLANG_WARN_ENUM_CONVERSION = YES;
				CLANG_WARN_INFINITE_RECURSION = YES;
				CLANG_WARN_INT_CONVERSION = YES;
				CLANG_WARN_NON_LITERAL_NULL_CONVERSION = YES;
				CLANG_WARN_OBJC_IMPLICIT_RETAIN_SELF = YES;
				CLANG_WARN_OBJC_LITERAL_CONVERSION = YES;
				CLANG_WARN_OBJC_ROOT_CLASS = YES_ERROR;
				CLANG_WARN_RANGE_LOOP_ANALYSIS = YES;
				CLANG_WARN_STRICT_PROTOTYPES = YES;
				CLANG_WARN_SUSPICIOUS_MOVE = YES;
				CLANG_WARN_UNGUARDED_AVAILABILITY = YES_AGGRESSIVE;
				CLANG_WARN_UNREACHABLE_CODE = YES;
				CLANG_WARN__DUPLICATE_METHOD_MATCH = YES;
				CODE_SIGN_IDENTITY = "iPhone Developer";
				COPY_PHASE_STRIP = NO;
				DEBUG_INFORMATION_FORMAT = dwarf;
				ENABLE_STRICT_OBJC_MSGSEND = YES;
				ENABLE_TESTABILITY = YES;
				GCC_C_LANGUAGE_STANDARD = gnu11;
				GCC_DYNAMIC_NO_PIC = NO;
				GCC_NO_COMMON_BLOCKS = YES;
				GCC_OPTIMIZATION_LEVEL = 0;
				GCC_PREPROCESSOR_DEFINITIONS = (
					"DEBUG=1",
					"$(inherited)",
				);
				GCC_WARN_64_TO_32_BIT_CONVERSION = YES;
				GCC_WARN_ABOUT_RETURN_TYPE = YES_ERROR;
				GCC_WARN_UNDECLARED_SELECTOR = YES;
				GCC_WARN_UNINITIALIZED_AUTOS = YES_AGGRESSIVE;
				GCC_WARN_UNUSED_FUNCTION = YES;
				GCC_WARN_UNUSED_VARIABLE = YES;
				IPHONEOS_DEPLOYMENT_TARGET = 12.1;
				MTL_ENABLE_DEBUG_INFO = INCLUDE_SOURCE;
				MTL_FAST_MATH = YES;
				ONLY_ACTIVE_ARCH = YES;
				SDKROOT = iphoneos;
				SWIFT_ACTIVE_COMPILATION_CONDITIONS = DEBUG;
				SWIFT_OPTIMIZATION_LEVEL = "-Onone";
			};
			name = Debug;
		};
		8B2D2E3C2246546600131545 /* Release */ = {
			isa = XCBuildConfiguration;
			buildSettings = {
				ALWAYS_SEARCH_USER_PATHS = NO;
				CLANG_ANALYZER_NONNULL = YES;
				CLANG_ANALYZER_NUMBER_OBJECT_CONVERSION = YES_AGGRESSIVE;
				CLANG_CXX_LANGUAGE_STANDARD = "gnu++14";
				CLANG_CXX_LIBRARY = "libc++";
				CLANG_ENABLE_MODULES = YES;
				CLANG_ENABLE_OBJC_ARC = YES;
				CLANG_ENABLE_OBJC_WEAK = YES;
				CLANG_WARN_BLOCK_CAPTURE_AUTORELEASING = YES;
				CLANG_WARN_BOOL_CONVERSION = YES;
				CLANG_WARN_COMMA = YES;
				CLANG_WARN_CONSTANT_CONVERSION = YES;
				CLANG_WARN_DEPRECATED_OBJC_IMPLEMENTATIONS = YES;
				CLANG_WARN_DIRECT_OBJC_ISA_USAGE = YES_ERROR;
				CLANG_WARN_DOCUMENTATION_COMMENTS = YES;
				CLANG_WARN_EMPTY_BODY = YES;
				CLANG_WARN_ENUM_CONVERSION = YES;
				CLANG_WARN_INFINITE_RECURSION = YES;
				CLANG_WARN_INT_CONVERSION = YES;
				CLANG_WARN_NON_LITERAL_NULL_CONVERSION = YES;
				CLANG_WARN_OBJC_IMPLICIT_RETAIN_SELF = YES;
				CLANG_WARN_OBJC_LITERAL_CONVERSION = YES;
				CLANG_WARN_OBJC_ROOT_CLASS = YES_ERROR;
				CLANG_WARN_RANGE_LOOP_ANALYSIS = YES;
				CLANG_WARN_STRICT_PROTOTYPES = YES;
				CLANG_WARN_SUSPICIOUS_MOVE = YES;
				CLANG_WARN_UNGUARDED_AVAILABILITY = YES_AGGRESSIVE;
				CLANG_WARN_UNREACHABLE_CODE = YES;
				CLANG_WARN__DUPLICATE_METHOD_MATCH = YES;
				CODE_SIGN_IDENTITY = "iPhone Developer";
				COPY_PHASE_STRIP = NO;
				DEBUG_INFORMATION_FORMAT = "dwarf-with-dsym";
				ENABLE_NS_ASSERTIONS = NO;
				ENABLE_STRICT_OBJC_MSGSEND = YES;
				GCC_C_LANGUAGE_STANDARD = gnu11;
				GCC_NO_COMMON_BLOCKS = YES;
				GCC_WARN_64_TO_32_BIT_CONVERSION = YES;
				GCC_WARN_ABOUT_RETURN_TYPE = YES_ERROR;
				GCC_WARN_UNDECLARED_SELECTOR = YES;
				GCC_WARN_UNINITIALIZED_AUTOS = YES_AGGRESSIVE;
				GCC_WARN_UNUSED_FUNCTION = YES;
				GCC_WARN_UNUSED_VARIABLE = YES;
				IPHONEOS_DEPLOYMENT_TARGET = 12.1;
				MTL_ENABLE_DEBUG_INFO = NO;
				MTL_FAST_MATH = YES;
				SDKROOT = iphoneos;
				SWIFT_COMPILATION_MODE = wholemodule;
				SWIFT_OPTIMIZATION_LEVEL = "-O";
				VALIDATE_PRODUCT = YES;
			};
			name = Release;
		};
		8B2D2E3E2246546600131545 /* Debug */ = {
			isa = XCBuildConfiguration;
			baseConfigurationReference = EE4A6E49BF154535F923C971 /* Pods-EasyChecklist.debug.xcconfig */;
			buildSettings = {
				ASSETCATALOG_COMPILER_APPICON_NAME = AppIcon;
				CODE_SIGN_STYLE = Automatic;
				INFOPLIST_FILE = EasyChecklist/Info.plist;
				LD_RUNPATH_SEARCH_PATHS = (
					"$(inherited)",
					"@executable_path/Frameworks",
				);
				PRODUCT_BUNDLE_IDENTIFIER = EasyChecklist.EasyChecklist;
				PRODUCT_NAME = "$(TARGET_NAME)";
				SWIFT_VERSION = 4.2;
				TARGETED_DEVICE_FAMILY = "1,2";
			};
			name = Debug;
		};
		8B2D2E3F2246546600131545 /* Release */ = {
			isa = XCBuildConfiguration;
			baseConfigurationReference = D0910E8C1118B5F60509D150 /* Pods-EasyChecklist.release.xcconfig */;
			buildSettings = {
				ASSETCATALOG_COMPILER_APPICON_NAME = AppIcon;
				CODE_SIGN_STYLE = Automatic;
				INFOPLIST_FILE = EasyChecklist/Info.plist;
				LD_RUNPATH_SEARCH_PATHS = (
					"$(inherited)",
					"@executable_path/Frameworks",
				);
				PRODUCT_BUNDLE_IDENTIFIER = EasyChecklist.EasyChecklist;
				PRODUCT_NAME = "$(TARGET_NAME)";
				SWIFT_VERSION = 4.2;
				TARGETED_DEVICE_FAMILY = "1,2";
			};
			name = Release;
		};
/* End XCBuildConfiguration section */

/* Begin XCConfigurationList section */
		8B2D2E262246546400131545 /* Build configuration list for PBXProject "EasyChecklist" */ = {
			isa = XCConfigurationList;
			buildConfigurations = (
				8B2D2E3B2246546600131545 /* Debug */,
				8B2D2E3C2246546600131545 /* Release */,
			);
			defaultConfigurationIsVisible = 0;
			defaultConfigurationName = Release;
		};
		8B2D2E3D2246546600131545 /* Build configuration list for PBXNativeTarget "EasyChecklist" */ = {
			isa = XCConfigurationList;
			buildConfigurations = (
				8B2D2E3E2246546600131545 /* Debug */,
				8B2D2E3F2246546600131545 /* Release */,
			);
			defaultConfigurationIsVisible = 0;
			defaultConfigurationName = Release;
		};
/* End XCConfigurationList section */
	};
	rootObject = 8B2D2E232246546400131545 /* Project object */;
}
